
Microsoft Visual Studio Solution File, Format Version 12.00
# Visual Studio Version 16
VisualStudioVersion = 16.0.29230.47
MinimumVisualStudioVersion = 10.0.40219.1
Project("{FAE04EC0-301F-11D3-BF4B-00C04F79EFBC}") = "Upload", "Upload\Upload.csproj", "{5DF46A45-C43D-4D85-B5DE-B7C31B66F7CD}"
EndProject
Project("{FAE04EC0-301F-11D3-BF4B-00C04F79EFBC}") = "Upload.GUI", "Upload.GUI\Upload.GUI.csproj", "{43A0714F-87E1-4B0C-B89E-94E70D9EAA2B}"
EndProject
Project("{FAE04EC0-301F-11D3-BF4B-00C04F79EFBC}") = "Upload.DataAccess", "Upload.DataAccess\Upload.DataAccess.csproj", "{684CBFE5-ABB8-4630-BB48-2523E2D9FBEB}"
EndProject
Project("{FAE04EC0-301F-11D3-BF4B-00C04F79EFBC}") = "Upload.ViewModel", "Upload.ViewModel\Upload.ViewModel.csproj", "{FB7A56A9-B95B-401A-AEDD-A3F8F5AA6E5C}"
EndProject
Project("{FAE04EC0-301F-11D3-BF4B-00C04F79EFBC}") = "Common", "Common\Common.csproj", "{26477F18-9842-469D-AC6F-899635E82614}"
EndProject
Project("{FAE04EC0-301F-11D3-BF4B-00C04F79EFBC}") = "UploadTemplate", "UploadTemplate\UploadTemplate.csproj", "{97971640-1D83-454F-A2CC-1EDECBD528A6}"
EndProject
Project("{54435603-DBB4-11D2-8724-00A0C9A8B90C}") = "Setup", "Setup\Setup.vdproj", "{C6AC2FBC-7006-4AA9-98BC-3E8F07164AA8}"
	ProjectSection(ProjectDependencies) = postProject
		{26477F18-9842-469D-AC6F-899635E82614} = {26477F18-9842-469D-AC6F-899635E82614}
		{97971640-1D83-454F-A2CC-1EDECBD528A6} = {97971640-1D83-454F-A2CC-1EDECBD528A6}
		{5DF46A45-C43D-4D85-B5DE-B7C31B66F7CD} = {5DF46A45-C43D-4D85-B5DE-B7C31B66F7CD}
		{43A0714F-87E1-4B0C-B89E-94E70D9EAA2B} = {43A0714F-87E1-4B0C-B89E-94E70D9EAA2B}
		{FB7A56A9-B95B-401A-AEDD-A3F8F5AA6E5C} = {FB7A56A9-B95B-401A-AEDD-A3F8F5AA6E5C}
		{684CBFE5-ABB8-4630-BB48-2523E2D9FBEB} = {684CBFE5-ABB8-4630-BB48-2523E2D9FBEB}
	EndProjectSection
EndProject
Global
	GlobalSection(SolutionConfigurationPlatforms) = preSolution
		All|Any CPU = All|Any CPU
		All|x64 = All|x64
		All|x86 = All|x86
		Debug|Any CPU = Debug|Any CPU
		Debug|x64 = Debug|x64
		Debug|x86 = Debug|x86
		Publish|Any CPU = Publish|Any CPU
		Publish|x64 = Publish|x64
		Publish|x86 = Publish|x86
		Release|Any CPU = Release|Any CPU
		Release|x64 = Release|x64
		Release|x86 = Release|x86
	EndGlobalSection
	GlobalSection(ProjectConfigurationPlatforms) = postSolution
		{5DF46A45-C43D-4D85-B5DE-B7C31B66F7CD}.All|Any CPU.ActiveCfg = Release|Any CPU
		{5DF46A45-C43D-4D85-B5DE-B7C31B66F7CD}.All|Any CPU.Build.0 = Release|Any CPU
		{5DF46A45-C43D-4D85-B5DE-B7C31B66F7CD}.All|x64.ActiveCfg = Debug|x64
		{5DF46A45-C43D-4D85-B5DE-B7C31B66F7CD}.All|x64.Build.0 = Debug|x64
		{5DF46A45-C43D-4D85-B5DE-B7C31B66F7CD}.All|x86.ActiveCfg = Debug|x86
		{5DF46A45-C43D-4D85-B5DE-B7C31B66F7CD}.All|x86.Build.0 = Debug|x86
		{5DF46A45-C43D-4D85-B5DE-B7C31B66F7CD}.Debug|Any CPU.ActiveCfg = Debug|Any CPU
		{5DF46A45-C43D-4D85-B5DE-B7C31B66F7CD}.Debug|Any CPU.Build.0 = Debug|Any CPU
		{5DF46A45-C43D-4D85-B5DE-B7C31B66F7CD}.Debug|x64.ActiveCfg = Debug|Any CPU
		{5DF46A45-C43D-4D85-B5DE-B7C31B66F7CD}.Debug|x64.Build.0 = Debug|Any CPU
		{5DF46A45-C43D-4D85-B5DE-B7C31B66F7CD}.Debug|x86.ActiveCfg = Debug|Any CPU
		{5DF46A45-C43D-4D85-B5DE-B7C31B66F7CD}.Debug|x86.Build.0 = Debug|Any CPU
		{5DF46A45-C43D-4D85-B5DE-B7C31B66F7CD}.Publish|Any CPU.ActiveCfg = Publish|Any CPU
		{5DF46A45-C43D-4D85-B5DE-B7C31B66F7CD}.Publish|Any CPU.Build.0 = Publish|Any CPU
		{5DF46A45-C43D-4D85-B5DE-B7C31B66F7CD}.Publish|x64.ActiveCfg = Publish|x64
		{5DF46A45-C43D-4D85-B5DE-B7C31B66F7CD}.Publish|x64.Build.0 = Publish|x64
		{5DF46A45-C43D-4D85-B5DE-B7C31B66F7CD}.Publish|x86.ActiveCfg = Publish|x86
		{5DF46A45-C43D-4D85-B5DE-B7C31B66F7CD}.Publish|x86.Build.0 = Publish|x86
		{5DF46A45-C43D-4D85-B5DE-B7C31B66F7CD}.Release|Any CPU.ActiveCfg = Release|Any CPU
		{5DF46A45-C43D-4D85-B5DE-B7C31B66F7CD}.Release|Any CPU.Build.0 = Release|Any CPU
		{5DF46A45-C43D-4D85-B5DE-B7C31B66F7CD}.Release|x64.ActiveCfg = Release|x64
		{5DF46A45-C43D-4D85-B5DE-B7C31B66F7CD}.Release|x64.Build.0 = Release|x64
		{5DF46A45-C43D-4D85-B5DE-B7C31B66F7CD}.Release|x86.ActiveCfg = Release|x86
		{5DF46A45-C43D-4D85-B5DE-B7C31B66F7CD}.Release|x86.Build.0 = Release|x86
		{43A0714F-87E1-4B0C-B89E-94E70D9EAA2B}.All|Any CPU.ActiveCfg = Release|Any CPU
		{43A0714F-87E1-4B0C-B89E-94E70D9EAA2B}.All|Any CPU.Build.0 = Release|Any CPU
		{43A0714F-87E1-4B0C-B89E-94E70D9EAA2B}.All|x64.ActiveCfg = Debug|x64
		{43A0714F-87E1-4B0C-B89E-94E70D9EAA2B}.All|x64.Build.0 = Debug|x64
		{43A0714F-87E1-4B0C-B89E-94E70D9EAA2B}.All|x86.ActiveCfg = Debug|x86
		{43A0714F-87E1-4B0C-B89E-94E70D9EAA2B}.All|x86.Build.0 = Debug|x86
		{43A0714F-87E1-4B0C-B89E-94E70D9EAA2B}.Debug|Any CPU.ActiveCfg = Debug|Any CPU
		{43A0714F-87E1-4B0C-B89E-94E70D9EAA2B}.Debug|Any CPU.Build.0 = Debug|Any CPU
		{43A0714F-87E1-4B0C-B89E-94E70D9EAA2B}.Debug|x64.ActiveCfg = Debug|Any CPU
		{43A0714F-87E1-4B0C-B89E-94E70D9EAA2B}.Debug|x64.Build.0 = Debug|Any CPU
		{43A0714F-87E1-4B0C-B89E-94E70D9EAA2B}.Debug|x86.ActiveCfg = Debug|Any CPU
		{43A0714F-87E1-4B0C-B89E-94E70D9EAA2B}.Debug|x86.Build.0 = Debug|Any CPU
		{43A0714F-87E1-4B0C-B89E-94E70D9EAA2B}.Publish|Any CPU.ActiveCfg = Publish|Any CPU
		{43A0714F-87E1-4B0C-B89E-94E70D9EAA2B}.Publish|Any CPU.Build.0 = Publish|Any CPU
		{43A0714F-87E1-4B0C-B89E-94E70D9EAA2B}.Publish|x64.ActiveCfg = Publish|x64
		{43A0714F-87E1-4B0C-B89E-94E70D9EAA2B}.Publish|x64.Build.0 = Publish|x64
		{43A0714F-87E1-4B0C-B89E-94E70D9EAA2B}.Publish|x86.ActiveCfg = Publish|x86
		{43A0714F-87E1-4B0C-B89E-94E70D9EAA2B}.Publish|x86.Build.0 = Publish|x86
		{43A0714F-87E1-4B0C-B89E-94E70D9EAA2B}.Release|Any CPU.ActiveCfg = Release|Any CPU
		{43A0714F-87E1-4B0C-B89E-94E70D9EAA2B}.Release|Any CPU.Build.0 = Release|Any CPU
		{43A0714F-87E1-4B0C-B89E-94E70D9EAA2B}.Release|x64.ActiveCfg = Release|x64
		{43A0714F-87E1-4B0C-B89E-94E70D9EAA2B}.Release|x64.Build.0 = Release|x64
		{43A0714F-87E1-4B0C-B89E-94E70D9EAA2B}.Release|x86.ActiveCfg = Release|x86
		{43A0714F-87E1-4B0C-B89E-94E70D9EAA2B}.Release|x86.Build.0 = Release|x86
		{684CBFE5-ABB8-4630-BB48-2523E2D9FBEB}.All|Any CPU.ActiveCfg = Release|Any CPU
		{684CBFE5-ABB8-4630-BB48-2523E2D9FBEB}.All|Any CPU.Build.0 = Release|Any CPU
		{684CBFE5-ABB8-4630-BB48-2523E2D9FBEB}.All|x64.ActiveCfg = Debug|x64
		{684CBFE5-ABB8-4630-BB48-2523E2D9FBEB}.All|x64.Build.0 = Debug|x64
		{684CBFE5-ABB8-4630-BB48-2523E2D9FBEB}.All|x86.ActiveCfg = Debug|x86
		{684CBFE5-ABB8-4630-BB48-2523E2D9FBEB}.All|x86.Build.0 = Debug|x86
		{684CBFE5-ABB8-4630-BB48-2523E2D9FBEB}.Debug|Any CPU.ActiveCfg = Debug|Any CPU
		{684CBFE5-ABB8-4630-BB48-2523E2D9FBEB}.Debug|Any CPU.Build.0 = Debug|Any CPU
		{684CBFE5-ABB8-4630-BB48-2523E2D9FBEB}.Debug|x64.ActiveCfg = Debug|Any CPU
		{684CBFE5-ABB8-4630-BB48-2523E2D9FBEB}.Debug|x64.Build.0 = Debug|Any CPU
		{684CBFE5-ABB8-4630-BB48-2523E2D9FBEB}.Debug|x86.ActiveCfg = Debug|Any CPU
		{684CBFE5-ABB8-4630-BB48-2523E2D9FBEB}.Debug|x86.Build.0 = Debug|Any CPU
		{684CBFE5-ABB8-4630-BB48-2523E2D9FBEB}.Publish|Any CPU.ActiveCfg = Publish|Any CPU
		{684CBFE5-ABB8-4630-BB48-2523E2D9FBEB}.Publish|Any CPU.Build.0 = Publish|Any CPU
		{684CBFE5-ABB8-4630-BB48-2523E2D9FBEB}.Publish|x64.ActiveCfg = Publish|x64
		{684CBFE5-ABB8-4630-BB48-2523E2D9FBEB}.Publish|x64.Build.0 = Publish|x64
		{684CBFE5-ABB8-4630-BB48-2523E2D9FBEB}.Publish|x86.ActiveCfg = Publish|x86
		{684CBFE5-ABB8-4630-BB48-2523E2D9FBEB}.Publish|x86.Build.0 = Publish|x86
		{684CBFE5-ABB8-4630-BB48-2523E2D9FBEB}.Release|Any CPU.ActiveCfg = Release|Any CPU
		{684CBFE5-ABB8-4630-BB48-2523E2D9FBEB}.Release|Any CPU.Build.0 = Release|Any CPU
		{684CBFE5-ABB8-4630-BB48-2523E2D9FBEB}.Release|x64.ActiveCfg = Release|x64
		{684CBFE5-ABB8-4630-BB48-2523E2D9FBEB}.Release|x64.Build.0 = Release|x64
		{684CBFE5-ABB8-4630-BB48-2523E2D9FBEB}.Release|x86.ActiveCfg = Release|x86
		{684CBFE5-ABB8-4630-BB48-2523E2D9FBEB}.Release|x86.Build.0 = Release|x86
		{FB7A56A9-B95B-401A-AEDD-A3F8F5AA6E5C}.All|Any CPU.ActiveCfg = Release|Any CPU
		{FB7A56A9-B95B-401A-AEDD-A3F8F5AA6E5C}.All|Any CPU.Build.0 = Release|Any CPU
		{FB7A56A9-B95B-401A-AEDD-A3F8F5AA6E5C}.All|x64.ActiveCfg = Debug|x64
		{FB7A56A9-B95B-401A-AEDD-A3F8F5AA6E5C}.All|x64.Build.0 = Debug|x64
		{FB7A56A9-B95B-401A-AEDD-A3F8F5AA6E5C}.All|x86.ActiveCfg = Debug|x86
		{FB7A56A9-B95B-401A-AEDD-A3F8F5AA6E5C}.All|x86.Build.0 = Debug|x86
		{FB7A56A9-B95B-401A-AEDD-A3F8F5AA6E5C}.Debug|Any CPU.ActiveCfg = Debug|Any CPU
		{FB7A56A9-B95B-401A-AEDD-A3F8F5AA6E5C}.Debug|Any CPU.Build.0 = Debug|Any CPU
		{FB7A56A9-B95B-401A-AEDD-A3F8F5AA6E5C}.Debug|x64.ActiveCfg = Debug|Any CPU
		{FB7A56A9-B95B-401A-AEDD-A3F8F5AA6E5C}.Debug|x64.Build.0 = Debug|Any CPU
		{FB7A56A9-B95B-401A-AEDD-A3F8F5AA6E5C}.Debug|x86.ActiveCfg = Debug|Any CPU
		{FB7A56A9-B95B-401A-AEDD-A3F8F5AA6E5C}.Debug|x86.Build.0 = Debug|Any CPU
		{FB7A56A9-B95B-401A-AEDD-A3F8F5AA6E5C}.Publish|Any CPU.ActiveCfg = Publish|Any CPU
		{FB7A56A9-B95B-401A-AEDD-A3F8F5AA6E5C}.Publish|Any CPU.Build.0 = Publish|Any CPU
		{FB7A56A9-B95B-401A-AEDD-A3F8F5AA6E5C}.Publish|x64.ActiveCfg = Publish|x64
		{FB7A56A9-B95B-401A-AEDD-A3F8F5AA6E5C}.Publish|x64.Build.0 = Publish|x64
		{FB7A56A9-B95B-401A-AEDD-A3F8F5AA6E5C}.Publish|x86.ActiveCfg = Publish|x86
		{FB7A56A9-B95B-401A-AEDD-A3F8F5AA6E5C}.Publish|x86.Build.0 = Publish|x86
		{FB7A56A9-B95B-401A-AEDD-A3F8F5AA6E5C}.Release|Any CPU.ActiveCfg = Release|Any CPU
		{FB7A56A9-B95B-401A-AEDD-A3F8F5AA6E5C}.Release|Any CPU.Build.0 = Release|Any CPU
		{FB7A56A9-B95B-401A-AEDD-A3F8F5AA6E5C}.Release|x64.ActiveCfg = Release|x64
		{FB7A56A9-B95B-401A-AEDD-A3F8F5AA6E5C}.Release|x64.Build.0 = Release|x64
		{FB7A56A9-B95B-401A-AEDD-A3F8F5AA6E5C}.Release|x86.ActiveCfg = Release|x86
		{FB7A56A9-B95B-401A-AEDD-A3F8F5AA6E5C}.Release|x86.Build.0 = Release|x86
		{26477F18-9842-469D-AC6F-899635E82614}.All|Any CPU.ActiveCfg = Release|Any CPU
		{26477F18-9842-469D-AC6F-899635E82614}.All|Any CPU.Build.0 = Release|Any CPU
		{26477F18-9842-469D-AC6F-899635E82614}.All|x64.ActiveCfg = Debug|x64
		{26477F18-9842-469D-AC6F-899635E82614}.All|x64.Build.0 = Debug|x64
		{26477F18-9842-469D-AC6F-899635E82614}.All|x86.ActiveCfg = Debug|x86
		{26477F18-9842-469D-AC6F-899635E82614}.All|x86.Build.0 = Debug|x86
		{26477F18-9842-469D-AC6F-899635E82614}.Debug|Any CPU.ActiveCfg = Debug|Any CPU
		{26477F18-9842-469D-AC6F-899635E82614}.Debug|Any CPU.Build.0 = Debug|Any CPU
		{26477F18-9842-469D-AC6F-899635E82614}.Debug|x64.ActiveCfg = Debug|Any CPU
		{26477F18-9842-469D-AC6F-899635E82614}.Debug|x64.Build.0 = Debug|Any CPU
		{26477F18-9842-469D-AC6F-899635E82614}.Debug|x86.ActiveCfg = Debug|Any CPU
		{26477F18-9842-469D-AC6F-899635E82614}.Debug|x86.Build.0 = Debug|Any CPU
		{26477F18-9842-469D-AC6F-899635E82614}.Publish|Any CPU.ActiveCfg = Publish|Any CPU
		{26477F18-9842-469D-AC6F-899635E82614}.Publish|Any CPU.Build.0 = Publish|Any CPU
		{26477F18-9842-469D-AC6F-899635E82614}.Publish|x64.ActiveCfg = Publish|x64
		{26477F18-9842-469D-AC6F-899635E82614}.Publish|x64.Build.0 = Publish|x64
		{26477F18-9842-469D-AC6F-899635E82614}.Publish|x86.ActiveCfg = Publish|x86
		{26477F18-9842-469D-AC6F-899635E82614}.Publish|x86.Build.0 = Publish|x86
		{26477F18-9842-469D-AC6F-899635E82614}.Release|Any CPU.ActiveCfg = Release|Any CPU
		{26477F18-9842-469D-AC6F-899635E82614}.Release|Any CPU.Build.0 = Release|Any CPU
		{26477F18-9842-469D-AC6F-899635E82614}.Release|x64.ActiveCfg = Release|x64
		{26477F18-9842-469D-AC6F-899635E82614}.Release|x64.Build.0 = Release|x64
		{26477F18-9842-469D-AC6F-899635E82614}.Release|x86.ActiveCfg = Release|x86
		{26477F18-9842-469D-AC6F-899635E82614}.Release|x86.Build.0 = Release|x86
		{97971640-1D83-454F-A2CC-1EDECBD528A6}.All|Any CPU.ActiveCfg = Release|Any CPU
		{97971640-1D83-454F-A2CC-1EDECBD528A6}.All|Any CPU.Build.0 = Release|Any CPU
		{97971640-1D83-454F-A2CC-1EDECBD528A6}.All|x64.ActiveCfg = Release|Any CPU
		{97971640-1D83-454F-A2CC-1EDECBD528A6}.All|x64.Build.0 = Release|Any CPU
		{97971640-1D83-454F-A2CC-1EDECBD528A6}.All|x86.ActiveCfg = Release|Any CPU
		{97971640-1D83-454F-A2CC-1EDECBD528A6}.All|x86.Build.0 = Release|Any CPU
		{97971640-1D83-454F-A2CC-1EDECBD528A6}.Debug|Any CPU.ActiveCfg = Debug|Any CPU
		{97971640-1D83-454F-A2CC-1EDECBD528A6}.Debug|Any CPU.Build.0 = Debug|Any CPU
		{97971640-1D83-454F-A2CC-1EDECBD528A6}.Debug|x64.ActiveCfg = Debug|Any CPU
		{97971640-1D83-454F-A2CC-1EDECBD528A6}.Debug|x64.Build.0 = Debug|Any CPU
		{97971640-1D83-454F-A2CC-1EDECBD528A6}.Debug|x86.ActiveCfg = Debug|Any CPU
		{97971640-1D83-454F-A2CC-1EDECBD528A6}.Debug|x86.Build.0 = Debug|Any CPU
		{97971640-1D83-454F-A2CC-1EDECBD528A6}.Publish|Any CPU.ActiveCfg = Publish|Any CPU
		{97971640-1D83-454F-A2CC-1EDECBD528A6}.Publish|Any CPU.Build.0 = Publish|Any CPU
		{97971640-1D83-454F-A2CC-1EDECBD528A6}.Publish|x64.ActiveCfg = Publish|Any CPU
		{97971640-1D83-454F-A2CC-1EDECBD528A6}.Publish|x64.Build.0 = Publish|Any CPU
		{97971640-1D83-454F-A2CC-1EDECBD528A6}.Publish|x86.ActiveCfg = Publish|Any CPU
		{97971640-1D83-454F-A2CC-1EDECBD528A6}.Publish|x86.Build.0 = Publish|Any CPU
		{97971640-1D83-454F-A2CC-1EDECBD528A6}.Release|Any CPU.ActiveCfg = Release|Any CPU
		{97971640-1D83-454F-A2CC-1EDECBD528A6}.Release|Any CPU.Build.0 = Release|Any CPU
		{97971640-1D83-454F-A2CC-1EDECBD528A6}.Release|x64.ActiveCfg = Release|Any CPU
		{97971640-1D83-454F-A2CC-1EDECBD528A6}.Release|x64.Build.0 = Release|Any CPU
		{97971640-1D83-454F-A2CC-1EDECBD528A6}.Release|x86.ActiveCfg = Release|Any CPU
		{97971640-1D83-454F-A2CC-1EDECBD528A6}.Release|x86.Build.0 = Release|Any CPU
		{C6AC2FBC-7006-4AA9-98BC-3E8F07164AA8}.All|Any CPU.ActiveCfg = Debug
		{C6AC2FBC-7006-4AA9-98BC-3E8F07164AA8}.All|x64.ActiveCfg = Debug
		{C6AC2FBC-7006-4AA9-98BC-3E8F07164AA8}.All|x86.ActiveCfg = Debug
		{C6AC2FBC-7006-4AA9-98BC-3E8F07164AA8}.Debug|Any CPU.ActiveCfg = Debug
		{C6AC2FBC-7006-4AA9-98BC-3E8F07164AA8}.Debug|x64.ActiveCfg = Debug
		{C6AC2FBC-7006-4AA9-98BC-3E8F07164AA8}.Debug|x86.ActiveCfg = Debug
		{C6AC2FBC-7006-4AA9-98BC-3E8F07164AA8}.Publish|Any CPU.ActiveCfg = Publish
		{C6AC2FBC-7006-4AA9-98BC-3E8F07164AA8}.Publish|Any CPU.Build.0 = Publish
		{C6AC2FBC-7006-4AA9-98BC-3E8F07164AA8}.Publish|x64.ActiveCfg = Debug
		{C6AC2FBC-7006-4AA9-98BC-3E8F07164AA8}.Publish|x86.ActiveCfg = Debug
		{C6AC2FBC-7006-4AA9-98BC-3E8F07164AA8}.Release|Any CPU.ActiveCfg = Release
		{C6AC2FBC-7006-4AA9-98BC-3E8F07164AA8}.Release|x64.ActiveCfg = Release
		{C6AC2FBC-7006-4AA9-98BC-3E8F07164AA8}.Release|x86.ActiveCfg = Release
	EndGlobalSection
	GlobalSection(SolutionProperties) = preSolution
		HideSolutionNode = FALSE
	EndGlobalSection
	GlobalSection(ExtensibilityGlobals) = postSolution
		SolutionGuid = {9F7A3E3C-095A-4EE9-9EA8-42FBB0B3D51F}
	EndGlobalSection
EndGlobal
